# ci/vm/image.lock — pinned OCI base images for the CI image chain.
# Consumed by scripts/ci/vm-build.sh and ci/vm/Containerfile (via build args).
# Update with: docker buildx imagetools inspect ubuntu:24.04

UBUNTU_24_04_DIGEST=sha256:a61567bd31828687156d735ea8eb01ba4e37636e225dd6a48ba94136a70d9d61
